
Microsoft Visual Studio Solution File, Format Version 12.00
# Visual Studio Version 17
VisualStudioVersion = 17.7.34202.233
MinimumVisualStudioVersion = 10.0.40219.1
Project("{FAE04EC0-301F-11D3-BF4B-00C04F79EFBC}") = "DemoCiCD", "DemoCiCD\DemoCiCD.csproj", "{9BABDAD2-E71E-4A4A-894C-87249AF634B8}"
EndProject
Global
	GlobalSection(SolutionConfigurationPlatforms) = preSolution
		Debug|Any CPU = Debug|Any CPU
		Release|Any CPU = Release|Any CPU
	EndGlobalSection
	GlobalSection(ProjectConfigurationPlatforms) = postSolution
		{9BABDAD2-E71E-4A4A-894C-87249AF634B8}.Debug|Any CPU.ActiveCfg = Debug|Any CPU
		{9BABDAD2-E71E-4A4A-894C-87249AF634B8}.Debug|Any CPU.Build.0 = Debug|Any CPU
		{9BABDAD2-E71E-4A4A-894C-87249AF634B8}.Release|Any CPU.ActiveCfg = Release|Any CPU
		{9BABDAD2-E71E-4A4A-894C-87249AF634B8}.Release|Any CPU.Build.0 = Release|Any CPU
	EndGlobalSection
	GlobalSection(SolutionProperties) = preSolution
		HideSolutionNode = FALSE
	EndGlobalSection
	GlobalSection(ExtensibilityGlobals) = postSolution
		SolutionGuid = {0CAFA349-D5E8-49C5-AFC3-635D87F1AFAD}
	EndGlobalSection
EndGlobal
